
Microsoft Visual Studio Solution File, Format Version 12.00
# Visual Studio 15
VisualStudioVersion = 15.0.27130.2020
MinimumVisualStudioVersion = 10.0.40219.1
Project("{FAE04EC0-301F-11D3-BF4B-00C04F79EFBC}") = "ContractApplikation", "ContractApplikation\ContractApplikation.csproj", "{145B783E-4C66-42A4-9395-927AD2EA0FF2}"
EndProject
Global
	GlobalSection(SolutionConfigurationPlatforms) = preSolution
		Debug|Any CPU = Debug|Any CPU
		Release|Any CPU = Release|Any CPU
	EndGlobalSection
	GlobalSection(ProjectConfigurationPlatforms) = postSolution
		{145B783E-4C66-42A4-9395-927AD2EA0FF2}.Debug|Any CPU.ActiveCfg = Debug|Any CPU
		{145B783E-4C66-42A4-9395-927AD2EA0FF2}.Debug|Any CPU.Build.0 = Debug|Any CPU
		{145B783E-4C66-42A4-9395-927AD2EA0FF2}.Release|Any CPU.ActiveCfg = Release|Any CPU
		{145B783E-4C66-42A4-9395-927AD2EA0FF2}.Release|Any CPU.Build.0 = Release|Any CPU
	EndGlobalSection
	GlobalSection(SolutionProperties) = preSolution
		HideSolutionNode = FALSE
	EndGlobalSection
	GlobalSection(ExtensibilityGlobals) = postSolution
		SolutionGuid = {AB2E0EA9-AFC4-40AE-BE99-A100409D23E7}
	EndGlobalSection
EndGlobal
